// !$*UTF8*$!
{
	archiveVersion = 1;
	classes = {
	};
	objectVersion = 50;
	objects = {

/* Begin PBXBuildFile section */
		BE01C23C25DF0C9D00F4A712 /* AppDelegate.swift in Sources */ = {isa = PBXBuildFile; fileRef = BE01C23B25DF0C9D00F4A712 /* AppDelegate.swift */; };
		BE01C23E25DF0C9D00F4A712 /* SceneDelegate.swift in Sources */ = {isa = PBXBuildFile; fileRef = BE01C23D25DF0C9D00F4A712 /* SceneDelegate.swift */; };
		BE01C24025DF0C9D00F4A712 /* ContentView.swift in Sources */ = {isa = PBXBuildFile; fileRef = BE01C23F25DF0C9D00F4A712 /* ContentView.swift */; };
		BE01C24325DF0C9D00F4A712 /* SwiftUI_CoreData.xcdatamodeld in Sources */ = {isa = PBXBuildFile; fileRef = BE01C24125DF0C9D00F4A712 /* SwiftUI_CoreData.xcdatamodeld */; };
		BE01C24525DF0CA200F4A712 /* Assets.xcassets in Resources */ = {isa = PBXBuildFile; fileRef = BE01C24425DF0CA200F4A712 /* Assets.xcassets */; };
		BE01C24825DF0CA200F4A712 /* Preview Assets.xcassets in Resources */ = {isa = PBXBuildFile; fileRef = BE01C24725DF0CA200F4A712 /* Preview Assets.xcassets */; };
		BE01C24B25DF0CA200F4A712 /* LaunchScreen.storyboard in Resources */ = {isa = PBXBuildFile; fileRef = BE01C24925DF0CA200F4A712 /* LaunchScreen.storyboard */; };
/* End PBXBuildFile section */

/* Begin PBXFileReference section */
		BE01C23825DF0C9D00F4A712 /* SwiftUI+CoreData.app */ = {isa = PBXFileReference; explicitFileType = wrapper.application; includeInIndex = 0; path = "SwiftUI+CoreData.app"; sourceTree = BUILT_PRODUCTS_DIR; };
		BE01C23B25DF0C9D00F4A712 /* AppDelegate.swift */ = {isa = PBXFileReference; lastKnownFileType = sourcecode.swift; path = AppDelegate.swift; sourceTree = "<group>"; };
		BE01C23D25DF0C9D00F4A712 /* SceneDelegate.swift */ = {isa = PBXFileReference; lastKnownFileType = sourcecode.swift; path = SceneDelegate.swift; sourceTree = "<group>"; };
		BE01C23F25DF0C9D00F4A712 /* ContentView.swift */ = {isa = PBXFileReference; lastKnownFileType = sourcecode.swift; path = ContentView.swift; sourceTree = "<group>"; };
		BE01C24225DF0C9D00F4A712 /* SwiftUI_CoreData.xcdatamodel */ = {isa = PBXFileReference; lastKnownFileType = wrapper.xcdatamodel; path = SwiftUI_CoreData.xcdatamodel; sourceTree = "<group>"; };
		BE01C24425DF0CA200F4A712 /* Assets.xcassets */ = {isa = PBXFileReference; lastKnownFileType = folder.assetcatalog; path = Assets.xcassets; sourceTree = "<group>"; };
		BE01C24725DF0CA200F4A712 /* Preview Assets.xcassets */ = {isa = PBXFileReference; lastKnownFileType = folder.assetcatalog; path = "Preview Assets.xcassets"; sourceTree = "<group>"; };
		BE01C24A25DF0CA200F4A712 /* Base */ = {isa = PBXFileReference; lastKnownFileType = file.storyboard; name = Base; path = Base.lproj/LaunchScreen.storyboard; sourceTree = "<group>"; };
		BE01C24C25DF0CA200F4A712 /* Info.plist */ = {isa = PBXFileReference; lastKnownFileType = text.plist.xml; path = Info.plist; sourceTree = "<group>"; };
/* End PBXFileReference section */

/* Begin PBXFrameworksBuildPhase section */
		BE01C23525DF0C9D00F4A712 /* Frameworks */ = {
			isa = PBXFrameworksBuildPhase;
			buildActionMask = 2147483647;
			files = (
			);
			runOnlyForDeploymentPostprocessing = 0;
		};
/* End PBXFrameworksBuildPhase section */

/* Begin PBXGroup section */
		BE01C22F25DF0C9D00F4A712 = {
			isa = PBXGroup;
			children = (
				BE01C23A25DF0C9D00F4A712 /* SwiftUI+CoreData */,
				BE01C23925DF0C9D00F4A712 /* Products */,
			);
			sourceTree = "<group>";
		};
		BE01C23925DF0C9D00F4A712 /* Products */ = {
			isa = PBXGroup;
			children = (
				BE01C23825DF0C9D00F4A712 /* SwiftUI+CoreData.app */,
			);
			name = Products;
			sourceTree = "<group>";
		};
		BE01C23A25DF0C9D00F4A712 /* SwiftUI+CoreData */ = {
			isa = PBXGroup;
			children = (
				BE01C23B25DF0C9D00F4A712 /* AppDelegate.swift */,
				BE01C23D25DF0C9D00F4A712 /* SceneDelegate.swift */,
				BE01C23F25DF0C9D00F4A712 /* ContentView.swift */,
				BE01C24425DF0CA200F4A712 /* Assets.xcassets */,
				BE01C24925DF0CA200F4A712 /* LaunchScreen.storyboard */,
				BE01C24C25DF0CA200F4A712 /* Info.plist */,
				BE01C24125DF0C9D00F4A712 /* SwiftUI_CoreData.xcdatamodeld */,
				BE01C24625DF0CA200F4A712 /* Preview Content */,
			);
			path = "SwiftUI+CoreData";
			sourceTree = "<group>";
		};
		BE01C24625DF0CA200F4A712 /* Preview Content */ = {
			isa = PBXGroup;
			children = (
				BE01C24725DF0CA200F4A712 /* Preview Assets.xcassets */,
			);
			path = "Preview Content";
			sourceTree = "<group>";
		};
/* End PBXGroup section */

/* Begin PBXNativeTarget section */
		BE01C23725DF0C9D00F4A712 /* SwiftUI+CoreData */ = {
			isa = PBXNativeTarget;
			buildConfigurationList = BE01C24F25DF0CA200F4A712 /* Build configuration list for PBXNativeTarget "SwiftUI+CoreData" */;
			buildPhases = (
				BE01C23425DF0C9D00F4A712 /* Sources */,
				BE01C23525DF0C9D00F4A712 /* Frameworks */,
				BE01C23625DF0C9D00F4A712 /* Resources */,
			);
			buildRules = (
			);
			dependencies = (
			);
			name = "SwiftUI+CoreData";
			productName = "SwiftUI+CoreData";
			productReference = BE01C23825DF0C9D00F4A712 /* SwiftUI+CoreData.app */;
			productType = "com.apple.product-type.application";
		};
/* End PBXNativeTarget section */

/* Begin PBXProject section */
		BE01C23025DF0C9D00F4A712 /* Project object */ = {
			isa = PBXProject;
			attributes = {
				LastSwiftUpdateCheck = 1210;
				LastUpgradeCheck = 1210;
				TargetAttributes = {
					BE01C23725DF0C9D00F4A712 = {
						CreatedOnToolsVersion = 12.1;
					};
				};
			};
			buildConfigurationList = BE01C23325DF0C9D00F4A712 /* Build configuration list for PBXProject "SwiftUI+CoreData" */;
			compatibilityVersion = "Xcode 9.3";
			developmentRegion = en;
			hasScannedForEncodings = 0;
			knownRegions = (
				en,
				Base,
			);
			mainGroup = BE01C22F25DF0C9D00F4A712;
			productRefGroup = BE01C23925DF0C9D00F4A712 /* Products */;
			projectDirPath = "";
			projectRoot = "";
			targets = (
				BE01C23725DF0C9D00F4A712 /* SwiftUI+CoreData */,
			);
		};
/* End PBXProject section */

/* Begin PBXResourcesBuildPhase section */
		BE01C23625DF0C9D00F4A712 /* Resources */ = {
			isa = PBXResourcesBuildPhase;
			buildActionMask = 2147483647;
			files = (
				BE01C24B25DF0CA200F4A712 /* LaunchScreen.storyboard in Resources */,
				BE01C24825DF0CA200F4A712 /* Preview Assets.xcassets in Resources */,
				BE01C24525DF0CA200F4A712 /* Assets.xcassets in Resources */,
			);
			runOnlyForDeploymentPostprocessing = 0;
		};
/* End PBXResourcesBuildPhase section */

/* Begin PBXSourcesBuildPhase section */
		BE01C23425DF0C9D00F4A712 /* Sources */ = {
			isa = PBXSourcesBuildPhase;
			buildActionMask = 2147483647;
			files = (
				BE01C23C25DF0C9D00F4A712 /* AppDelegate.swift in Sources */,
				BE01C23E25DF0C9D00F4A712 /* SceneDelegate.swift in Sources */,
				BE01C24325DF0C9D00F4A712 /* SwiftUI_CoreData.xcdatamodeld in Sources */,
				BE01C24025DF0C9D00F4A712 /* ContentView.swift in Sources */,
			);
			runOnlyForDeploymentPostprocessing = 0;
		};
/* End PBXSourcesBuildPhase section */

/* Begin PBXVariantGroup section */
		BE01C24925DF0CA200F4A712 /* LaunchScreen.storyboard */ = {
			isa = PBXVariantGroup;
			children = (
				BE01C24A25DF0CA200F4A712 /* Base */,
			);
			name = LaunchScreen.storyboard;
			sourceTree = "<group>";
		};
/* End PBXVariantGroup section */

/* Begin XCBuildConfiguration section */
		BE01C24D25DF0CA200F4A712 /* Debug */ = {
			isa = XCBuildConfiguration;
			buildSettings = {
				ALWAYS_SEARCH_USER_PATHS = NO;
				CLANG_ANALYZER_NONNULL = YES;
				CLANG_ANALYZER_NUMBER_OBJECT_CONVERSION = YES_AGGRESSIVE;
				CLANG_CXX_LANGUAGE_STANDARD = "gnu++14";
				CLANG_CXX_LIBRARY = "libc++";
				CLANG_ENABLE_MODULES = YES;
				CLANG_ENABLE_OBJC_ARC = YES;
				CLANG_ENABLE_OBJC_WEAK = YES;
				CLANG_WARN_BLOCK_CAPTURE_AUTORELEASING = YES;
				CLANG_WARN_BOOL_CONVERSION = YES;
				CLANG_WARN_COMMA = YES;
				CLANG_WARN_CONSTANT_CONVERSION = YES;
				CLANG_WARN_DEPRECATED_OBJC_IMPLEMENTATIONS = YES;
				CLANG_WARN_DIRECT_OBJC_ISA_USAGE = YES_ERROR;
				CLANG_WARN_DOCUMENTATION_COMMENTS = YES;
				CLANG_WARN_EMPTY_BODY = YES;
				CLANG_WARN_ENUM_CONVERSION = YES;
				CLANG_WARN_INFINITE_RECURSION = YES;
				CLANG_WARN_INT_CONVERSION = YES;
				CLANG_WARN_NON_LITERAL_NULL_CONVERSION = YES;
				CLANG_WARN_OBJC_IMPLICIT_RETAIN_SELF = YES;
				CLANG_WARN_OBJC_LITERAL_CONVERSION = YES;
				CLANG_WARN_OBJC_ROOT_CLASS = YES_ERROR;
				CLANG_WARN_QUOTED_INCLUDE_IN_FRAMEWORK_HEADER = YES;
				CLANG_WARN_RANGE_LOOP_ANALYSIS = YES;
				CLANG_WARN_STRICT_PROTOTYPES = YES;
				CLANG_WARN_SUSPICIOUS_MOVE = YES;
				CLANG_WARN_UNGUARDED_AVAILABILITY = YES_AGGRESSIVE;
				CLANG_WARN_UNREACHABLE_CODE = YES;
				CLANG_WARN__DUPLICATE_METHOD_MATCH = YES;
				COPY_PHASE_STRIP = NO;
				DEBUG_INFORMATION_FORMAT = dwarf;
				ENABLE_STRICT_OBJC_MSGSEND = YES;
				ENABLE_TESTABILITY = YES;
				GCC_C_LANGUAGE_STANDARD = gnu11;
				GCC_DYNAMIC_NO_PIC = NO;
				GCC_NO_COMMON_BLOCKS = YES;
				GCC_OPTIMIZATION_LEVEL = 0;
				GCC_PREPROCESSOR_DEFINITIONS = (
					"DEBUG=1",
					"$(inherited)",
				);
				GCC_WARN_64_TO_32_BIT_CONVERSION = YES;
				GCC_WARN_ABOUT_RETURN_TYPE = YES_ERROR;
				GCC_WARN_UNDECLARED_SELECTOR = YES;
				GCC_WARN_UNINITIALIZED_AUTOS = YES_AGGRESSIVE;
				GCC_WARN_UNUSED_FUNCTION = YES;
				GCC_WARN_UNUSED_VARIABLE = YES;
				IPHONEOS_DEPLOYMENT_TARGET = 14.1;
				MTL_ENABLE_DEBUG_INFO = INCLUDE_SOURCE;
				MTL_FAST_MATH = YES;
				ONLY_ACTIVE_ARCH = YES;
				SDKROOT = iphoneos;
				SWIFT_ACTIVE_COMPILATION_CONDITIONS = DEBUG;
				SWIFT_OPTIMIZATION_LEVEL = "-Onone";
			};
			name = Debug;
		};
		BE01C24E25DF0CA200F4A712 /* Release */ = {
			isa = XCBuildConfiguration;
			buildSettings = {
				ALWAYS_SEARCH_USER_PATHS = NO;
				CLANG_ANALYZER_NONNULL = YES;
				CLANG_ANALYZER_NUMBER_OBJECT_CONVERSION = YES_AGGRESSIVE;
				CLANG_CXX_LANGUAGE_STANDARD = "gnu++14";
				CLANG_CXX_LIBRARY = "libc++";
				CLANG_ENABLE_MODULES = YES;
				CLANG_ENABLE_OBJC_ARC = YES;
				CLANG_ENABLE_OBJC_WEAK = YES;
				CLANG_WARN_BLOCK_CAPTURE_AUTORELEASING = YES;
				CLANG_WARN_BOOL_CONVERSION = YES;
				CLANG_WARN_COMMA = YES;
				CLANG_WARN_CONSTANT_CONVERSION = YES;
				CLANG_WARN_DEPRECATED_OBJC_IMPLEMENTATIONS = YES;
				CLANG_WARN_DIRECT_OBJC_ISA_USAGE = YES_ERROR;
				CLANG_WARN_DOCUMENTATION_COMMENTS = YES;
				CLANG_WARN_EMPTY_BODY = YES;
				CLANG_WARN_ENUM_CONVERSION = YES;
				CLANG_WARN_INFINITE_RECURSION = YES;
				CLANG_WARN_INT_CONVERSION = YES;
				CLANG_WARN_NON_LITERAL_NULL_CONVERSION = YES;
				CLANG_WARN_OBJC_IMPLICIT_RETAIN_SELF = YES;
				CLANG_WARN_OBJC_LITERAL_CONVERSION = YES;
				CLANG_WARN_OBJC_ROOT_CLASS = YES_ERROR;
				CLANG_WARN_QUOTED_INCLUDE_IN_FRAMEWORK_HEADER = YES;
				CLANG_WARN_RANGE_LOOP_ANALYSIS = YES;
				CLANG_WARN_STRICT_PROTOTYPES = YES;
				CLANG_WARN_SUSPICIOUS_MOVE = YES;
				CLANG_WARN_UNGUARDED_AVAILABILITY = YES_AGGRESSIVE;
				CLANG_WARN_UNREACHABLE_CODE = YES;
				CLANG_WARN__DUPLICATE_METHOD_MATCH = YES;
				COPY_PHASE_STRIP = NO;
				DEBUG_INFORMATION_FORMAT = "dwarf-with-dsym";
				ENABLE_NS_ASSERTIONS = NO;
				ENABLE_STRICT_OBJC_MSGSEND = YES;
				GCC_C_LANGUAGE_STANDARD = gnu11;
				GCC_NO_COMMON_BLOCKS = YES;
				GCC_WARN_64_TO_32_BIT_CONVERSION = YES;
				GCC_WARN_ABOUT_RETURN_TYPE = YES_ERROR;
				GCC_WARN_UNDECLARED_SELECTOR = YES;
				GCC_WARN_UNINITIALIZED_AUTOS = YES_AGGRESSIVE;
				GCC_WARN_UNUSED_FUNCTION = YES;
				GCC_WARN_UNUSED_VARIABLE = YES;
				IPHONEOS_DEPLOYMENT_TARGET = 14.1;
				MTL_ENABLE_DEBUG_INFO = NO;
				MTL_FAST_MATH = YES;
				SDKROOT = iphoneos;
				SWIFT_COMPILATION_MODE = wholemodule;
				SWIFT_OPTIMIZATION_LEVEL = "-O";
				VALIDATE_PRODUCT = YES;
			};
			name = Release;
		};
		BE01C25025DF0CA200F4A712 /* Debug */ = {
			isa = XCBuildConfiguration;
			buildSettings = {
				ASSETCATALOG_COMPILER_APPICON_NAME = AppIcon;
				ASSETCATALOG_COMPILER_GLOBAL_ACCENT_COLOR_NAME = AccentColor;
				CODE_SIGN_STYLE = Automatic;
				DEVELOPMENT_ASSET_PATHS = "\"SwiftUI+CoreData/Preview Content\"";
				DEVELOPMENT_TEAM = YJCH77LF33;
				ENABLE_PREVIEWS = YES;
				INFOPLIST_FILE = "SwiftUI+CoreData/Info.plist";
				LD_RUNPATH_SEARCH_PATHS = (
					"$(inherited)",
					"@executable_path/Frameworks",
				);
				PRODUCT_BUNDLE_IDENTIFIER = "NEA.SwiftUI-CoreData";
				PRODUCT_NAME = "$(TARGET_NAME)";
				SWIFT_VERSION = 5.0;
				TARGETED_DEVICE_FAMILY = "1,2";
			};
			name = Debug;
		};
		BE01C25125DF0CA200F4A712 /* Release */ = {
			isa = XCBuildConfiguration;
			buildSettings = {
				ASSETCATALOG_COMPILER_APPICON_NAME = AppIcon;
				ASSETCATALOG_COMPILER_GLOBAL_ACCENT_COLOR_NAME = AccentColor;
				CODE_SIGN_STYLE = Automatic;
				DEVELOPMENT_ASSET_PATHS = "\"SwiftUI+CoreData/Preview Content\"";
				DEVELOPMENT_TEAM = YJCH77LF33;
				ENABLE_PREVIEWS = YES;
				INFOPLIST_FILE = "SwiftUI+CoreData/Info.plist";
				LD_RUNPATH_SEARCH_PATHS = (
					"$(inherited)",
					"@executable_path/Frameworks",
				);
				PRODUCT_BUNDLE_IDENTIFIER = "NEA.SwiftUI-CoreData";
				PRODUCT_NAME = "$(TARGET_NAME)";
				SWIFT_VERSION = 5.0;
				TARGETED_DEVICE_FAMILY = "1,2";
			};
			name = Release;
		};
/* End XCBuildConfiguration section */

/* Begin XCConfigurationList section */
		BE01C23325DF0C9D00F4A712 /* Build configuration list for PBXProject "SwiftUI+CoreData" */ = {
			isa = XCConfigurationList;
			buildConfigurations = (
				BE01C24D25DF0CA200F4A712 /* Debug */,
				BE01C24E25DF0CA200F4A712 /* Release */,
			);
			defaultConfigurationIsVisible = 0;
			defaultConfigurationName = Release;
		};
		BE01C24F25DF0CA200F4A712 /* Build configuration list for PBXNativeTarget "SwiftUI+CoreData" */ = {
			isa = XCConfigurationList;
			buildConfigurations = (
				BE01C25025DF0CA200F4A712 /* Debug */,
				BE01C25125DF0CA200F4A712 /* Release */,
			);
			defaultConfigurationIsVisible = 0;
			defaultConfigurationName = Release;
		};
/* End XCConfigurationList section */

/* Begin XCVersionGroup section */
		BE01C24125DF0C9D00F4A712 /* SwiftUI_CoreData.xcdatamodeld */ = {
			isa = XCVersionGroup;
			children = (
				BE01C24225DF0C9D00F4A712 /* SwiftUI_CoreData.xcdatamodel */,
			);
			currentVersion = BE01C24225DF0C9D00F4A712 /* SwiftUI_CoreData.xcdatamodel */;
			path = SwiftUI_CoreData.xcdatamodeld;
			sourceTree = "<group>";
			versionGroupType = wrapper.xcdatamodel;
		};
/* End XCVersionGroup section */
	};
	rootObject = BE01C23025DF0C9D00F4A712 /* Project object */;
}
